{
  "name": "prettier-config-nick",
  "version": "1.0.3",
  "lockfileVersion": 2,
  "requires": true,
  "packages": {
    "": {
      "name": "prettier-config-nick",
      "version": "1.0.3",
      "license": "ISC",
      "devDependencies": {
        "prettier": "^2.7.1",
        "prettier-config-nick": "^1.0.2"
      },
      "funding": {
        "url": "https://github.com/nickmccurdy/prettier-config?sponsor=1"
      },
      "peerDependencies": {
        "prettier": ">= 1.17.0"
      }
    },
    "node_modules/prettier": {
      "version": "2.7.1",
      "resolved": "https://registry.npmjs.org/prettier/-/prettier-2.7.1.tgz",
      "integrity": "sha512-ujppO+MkdPqoVINuDFDRLClm7D78qbDt0/NR+wp5FqEZOoTNAjPHWj17QRhu7geIHJfcNhRk1XVQmF8Bp3ye+g==",
      "dev": true,
      "license": "MIT",
      "bin": {
        "prettier": "bin-prettier.js"
      },
      "engines": {
        "node": ">=10.13.0"
      },
      "funding": {
        "url": "https://github.com/prettier/prettier?sponsor=1"
      }
    },
    "node_modules/prettier-config-nick": {
      "version": "1.0.2",
      "resolved": "https://registry.npmjs.org/prettier-config-nick/-/prettier-config-nick-1.0.2.tgz",
      "integrity": "sha512-A7/U4Y6Zhn8pTo7YTG3YYXnCxsTWBMEYI06ofeqkuQGDee+RGRqMIRTqO0Msck7Pa3kuBmvfGCHteED5zfmNkg==",
      "dev": true,
      "license": "ISC",
      "funding": {
        "url": "https://github.com/nickmccurdy/prettier-config?sponsor=1"
      },
      "peerDependencies": {
        "prettier": ">= 1.17.0"
      }
    }
  },
  "dependencies": {
    "prettier": {
      "version": "2.7.1",
      "resolved": "https://registry.npmjs.org/prettier/-/prettier-2.7.1.tgz",
      "integrity": "sha512-ujppO+MkdPqoVINuDFDRLClm7D78qbDt0/NR+wp5FqEZOoTNAjPHWj17QRhu7geIHJfcNhRk1XVQmF8Bp3ye+g==",
      "dev": true
    },
    "prettier-config-nick": {
      "version": "1.0.2",
      "resolved": "https://registry.npmjs.org/prettier-config-nick/-/prettier-config-nick-1.0.2.tgz",
      "integrity": "sha512-A7/U4Y6Zhn8pTo7YTG3YYXnCxsTWBMEYI06ofeqkuQGDee+RGRqMIRTqO0Msck7Pa3kuBmvfGCHteED5zfmNkg==",
      "dev": true,
      "requires": {}
    }
  }
}
